
Microsoft Visual Studio Solution File, Format Version 12.00
# Visual Studio 15
VisualStudioVersion = 15.0.28010.2048
MinimumVisualStudioVersion = 10.0.40219.1
Project("{FAE04EC0-301F-11D3-BF4B-00C04F79EFBC}") = "Calculadora", "Calculadora\Calculadora.csproj", "{A83F749C-C803-4784-9A43-5FCCA4F0200D}"
EndProject
Global
	GlobalSection(SolutionConfigurationPlatforms) = preSolution
		Debug|Any CPU = Debug|Any CPU
		Release|Any CPU = Release|Any CPU
	EndGlobalSection
	GlobalSection(ProjectConfigurationPlatforms) = postSolution
		{A83F749C-C803-4784-9A43-5FCCA4F0200D}.Debug|Any CPU.ActiveCfg = Debug|Any CPU
		{A83F749C-C803-4784-9A43-5FCCA4F0200D}.Debug|Any CPU.Build.0 = Debug|Any CPU
		{A83F749C-C803-4784-9A43-5FCCA4F0200D}.Release|Any CPU.ActiveCfg = Release|Any CPU
		{A83F749C-C803-4784-9A43-5FCCA4F0200D}.Release|Any CPU.Build.0 = Release|Any CPU
	EndGlobalSection
	GlobalSection(SolutionProperties) = preSolution
		HideSolutionNode = FALSE
	EndGlobalSection
	GlobalSection(ExtensibilityGlobals) = postSolution
		SolutionGuid = {8DBF8E30-C628-4DAA-99B7-02F8DFF4E869}
	EndGlobalSection
EndGlobal
